{
  "name": "@ci/report",
  "version": "0.0.0",
  "lockfileVersion": 2,
  "requires": true,
  "packages": {
    "": {
      "name": "@ci/report",
      "version": "0.0.0",
      "dependencies": {
        "@actions/core": "^1.10.0",
        "@actions/github": "^5.1.1"
      }
    },
    "node_modules/@actions/core": {
      "version": "1.10.0",
      "license": "MIT",
      "dependencies": {
        "@actions/http-client": "^2.0.1",
        "uuid": "^8.3.2"
      }
    },
    "node_modules/@actions/github": {
      "version": "5.1.1",
      "license": "MIT",
      "dependencies": {
        "@actions/http-client": "^2.0.1",
        "@octokit/core": "^3.6.0",
        "@octokit/plugin-paginate-rest": "^2.17.0",
        "@octokit/plugin-rest-endpoint-methods": "^5.13.0"
      }
    },
    "node_modules/@actions/http-client": {
      "version": "2.1.0",
      "license": "MIT",
      "dependencies": {
        "tunnel": "^0.0.6"
      }
    },
    "node_modules/@octokit/auth-token": {
      "version": "2.5.0",
      "license": "MIT",
      "dependencies": {
        "@octokit/types": "^6.0.3"
      }
    },
    "node_modules/@octokit/core": {
      "version": "3.6.0",
      "license": "MIT",
      "dependencies": {
        "@octokit/auth-token": "^2.4.4",
        "@octokit/graphql": "^4.5.8",
        "@octokit/request": "^5.6.3",
        "@octokit/request-error": "^2.0.5",
        "@octokit/types": "^6.0.3",
        "before-after-hook": "^2.2.0",
        "universal-user-agent": "^6.0.0"
      }
    },
    "node_modules/@octokit/endpoint": {
      "version": "6.0.12",
      "license": "MIT",
      "dependencies": {
        "@octokit/types": "^6.0.3",
        "is-plain-object": "^5.0.0",
        "universal-user-agent": "^6.0.0"
      }
    },
    "node_modules/@octokit/graphql": {
      "version": "4.8.0",
      "license": "MIT",
      "dependencies": {
        "@octokit/request": "^5.6.0",
        "@octokit/types": "^6.0.3",
        "universal-user-agent": "^6.0.0"
      }
    },
    "node_modules/@octokit/openapi-types": {
      "version": "12.11.0",
      "license": "MIT"
    },
    "node_modules/@octokit/plugin-paginate-rest": {
      "version": "2.21.3",
      "license": "MIT",
      "dependencies": {
        "@octokit/types": "^6.40.0"
      },
      "peerDependencies": {
        "@octokit/core": ">=2"
      }
    },
    "node_modules/@octokit/plugin-rest-endpoint-methods": {
      "version": "5.16.2",
      "license": "MIT",
      "dependencies": {
        "@octokit/types": "^6.39.0",
        "deprecation": "^2.3.1"
      },
      "peerDependencies": {
        "@octokit/core": ">=3"
      }
    },
    "node_modules/@octokit/request": {
      "version": "5.6.3",
      "license": "MIT",
      "dependencies": {
        "@octokit/endpoint": "^6.0.1",
        "@octokit/request-error": "^2.1.0",
        "@octokit/types": "^6.16.1",
        "is-plain-object": "^5.0.0",
        "node-fetch": "^2.6.7",
        "universal-user-agent": "^6.0.0"
      }
    },
    "node_modules/@octokit/request-error": {
      "version": "2.1.0",
      "license": "MIT",
      "dependencies": {
        "@octokit/types": "^6.0.3",
        "deprecation": "^2.0.0",
        "once": "^1.4.0"
      }
    },
    "node_modules/@octokit/types": {
      "version": "6.41.0",
      "license": "MIT",
      "dependencies": {
        "@octokit/openapi-types": "^12.11.0"
      }
    },
    "node_modules/before-after-hook": {
      "version": "2.2.3",
      "license": "Apache-2.0"
    },
    "node_modules/deprecation": {
      "version": "2.3.1",
      "license": "ISC"
    },
    "node_modules/is-plain-object": {
      "version": "5.0.0",
      "license": "MIT",
      "engines": {
        "node": ">=0.10.0"
      }
    },
    "node_modules/node-fetch": {
      "version": "2.6.12",
      "license": "MIT",
      "dependencies": {
        "whatwg-url": "^5.0.0"
      },
      "engines": {
        "node": "4.x || >=6.0.0"
      },
      "peerDependencies": {
        "encoding": "^0.1.0"
      },
      "peerDependenciesMeta": {
        "encoding": {
          "optional": true
        }
      }
    },
    "node_modules/once": {
      "version": "1.4.0",
      "license": "ISC",
      "dependencies": {
        "wrappy": "1"
      }
    },
    "node_modules/tr46": {
      "version": "0.0.3",
      "license": "MIT"
    },
    "node_modules/tunnel": {
      "version": "0.0.6",
      "license": "MIT",
      "engines": {
        "node": ">=0.6.11 <=0.7.0 || >=0.7.3"
      }
    },
    "node_modules/universal-user-agent": {
      "version": "6.0.0",
      "license": "ISC"
    },
    "node_modules/uuid": {
      "version": "8.3.2",
      "license": "MIT",
      "bin": {
        "uuid": "dist/bin/uuid"
      }
    },
    "node_modules/webidl-conversions": {
      "version": "3.0.1",
      "license": "BSD-2-Clause"
    },
    "node_modules/whatwg-url": {
      "version": "5.0.0",
      "license": "MIT",
      "dependencies": {
        "tr46": "~0.0.3",
        "webidl-conversions": "^3.0.0"
      }
    },
    "node_modules/wrappy": {
      "version": "1.0.2",
      "license": "ISC"
    }
  },
  "dependencies": {
    "@actions/core": {
      "version": "1.10.0",
      "requires": {
        "@actions/http-client": "^2.0.1",
        "uuid": "^8.3.2"
      }
    },
    "@actions/github": {
      "version": "5.1.1",
      "requires": {
        "@actions/http-client": "^2.0.1",
        "@octokit/core": "^3.6.0",
        "@octokit/plugin-paginate-rest": "^2.17.0",
        "@octokit/plugin-rest-endpoint-methods": "^5.13.0"
      }
    },
    "@actions/http-client": {
      "version": "2.1.0",
      "requires": {
        "tunnel": "^0.0.6"
      }
    },
    "@octokit/auth-token": {
      "version": "2.5.0",
      "requires": {
        "@octokit/types": "^6.0.3"
      }
    },
    "@octokit/core": {
      "version": "3.6.0",
      "requires": {
        "@octokit/auth-token": "^2.4.4",
        "@octokit/graphql": "^4.5.8",
        "@octokit/request": "^5.6.3",
        "@octokit/request-error": "^2.0.5",
        "@octokit/types": "^6.0.3",
        "before-after-hook": "^2.2.0",
        "universal-user-agent": "^6.0.0"
      }
    },
    "@octokit/endpoint": {
      "version": "6.0.12",
      "requires": {
        "@octokit/types": "^6.0.3",
        "is-plain-object": "^5.0.0",
        "universal-user-agent": "^6.0.0"
      }
    },
    "@octokit/graphql": {
      "version": "4.8.0",
      "requires": {
        "@octokit/request": "^5.6.0",
        "@octokit/types": "^6.0.3",
        "universal-user-agent": "^6.0.0"
      }
    },
    "@octokit/openapi-types": {
      "version": "12.11.0"
    },
    "@octokit/plugin-paginate-rest": {
      "version": "2.21.3",
      "requires": {
        "@octokit/types": "^6.40.0"
      }
    },
    "@octokit/plugin-rest-endpoint-methods": {
      "version": "5.16.2",
      "requires": {
        "@octokit/types": "^6.39.0",
        "deprecation": "^2.3.1"
      }
    },
    "@octokit/request": {
      "version": "5.6.3",
      "requires": {
        "@octokit/endpoint": "^6.0.1",
        "@octokit/request-error": "^2.1.0",
        "@octokit/types": "^6.16.1",
        "is-plain-object": "^5.0.0",
        "node-fetch": "^2.6.7",
        "universal-user-agent": "^6.0.0"
      }
    },
    "@octokit/request-error": {
      "version": "2.1.0",
      "requires": {
        "@octokit/types": "^6.0.3",
        "deprecation": "^2.0.0",
        "once": "^1.4.0"
      }
    },
    "@octokit/types": {
      "version": "6.41.0",
      "requires": {
        "@octokit/openapi-types": "^12.11.0"
      }
    },
    "before-after-hook": {
      "version": "2.2.3"
    },
    "deprecation": {
      "version": "2.3.1"
    },
    "is-plain-object": {
      "version": "5.0.0"
    },
    "node-fetch": {
      "version": "2.6.12",
      "requires": {
        "whatwg-url": "^5.0.0"
      }
    },
    "once": {
      "version": "1.4.0",
      "requires": {
        "wrappy": "1"
      }
    },
    "tr46": {
      "version": "0.0.3"
    },
    "tunnel": {
      "version": "0.0.6"
    },
    "universal-user-agent": {
      "version": "6.0.0"
    },
    "uuid": {
      "version": "8.3.2"
    },
    "webidl-conversions": {
      "version": "3.0.1"
    },
    "whatwg-url": {
      "version": "5.0.0",
      "requires": {
        "tr46": "~0.0.3",
        "webidl-conversions": "^3.0.0"
      }
    },
    "wrappy": {
      "version": "1.0.2"
    }
  }
}
